
Microsoft Visual Studio Solution File, Format Version 11.00
# Visual Studio 2010
Project("{FAE04EC0-301F-11D3-BF4B-00C04F79EFBC}") = "Locksmith", "Locksmith\Locksmith.csproj", "{EAC83140-C631-4630-937F-9BC14ED94C25}"
	ProjectSection(ProjectDependencies) = postProject
		{4B5D859B-7FDB-497E-9800-FF5FB9668CE4} = {4B5D859B-7FDB-497E-9800-FF5FB9668CE4}
	EndProjectSection
EndProject
Project("{FAE04EC0-301F-11D3-BF4B-00C04F79EFBC}") = "Locksmith.Web", "Locksmith.Web\Locksmith.Web.csproj", "{4B5D859B-7FDB-497E-9800-FF5FB9668CE4}"
EndProject
Global
	GlobalSection(SolutionConfigurationPlatforms) = preSolution
		Debug|Any CPU = Debug|Any CPU
		Release|Any CPU = Release|Any CPU
	EndGlobalSection
	GlobalSection(ProjectConfigurationPlatforms) = postSolution
		{EAC83140-C631-4630-937F-9BC14ED94C25}.Debug|Any CPU.ActiveCfg = Debug|Any CPU
		{EAC83140-C631-4630-937F-9BC14ED94C25}.Debug|Any CPU.Build.0 = Debug|Any CPU
		{EAC83140-C631-4630-937F-9BC14ED94C25}.Release|Any CPU.ActiveCfg = Release|Any CPU
		{EAC83140-C631-4630-937F-9BC14ED94C25}.Release|Any CPU.Build.0 = Release|Any CPU
		{4B5D859B-7FDB-497E-9800-FF5FB9668CE4}.Debug|Any CPU.ActiveCfg = Debug|Any CPU
		{4B5D859B-7FDB-497E-9800-FF5FB9668CE4}.Debug|Any CPU.Build.0 = Debug|Any CPU
		{4B5D859B-7FDB-497E-9800-FF5FB9668CE4}.Release|Any CPU.ActiveCfg = Release|Any CPU
		{4B5D859B-7FDB-497E-9800-FF5FB9668CE4}.Release|Any CPU.Build.0 = Release|Any CPU
	EndGlobalSection
	GlobalSection(SolutionProperties) = preSolution
		HideSolutionNode = FALSE
	EndGlobalSection
EndGlobal
